{
  "name": "copyaction",
  "version": "1.0.0",
  "lockfileVersion": 3,
  "requires": true,
  "packages": {
    "": {
      "name": "copyaction",
      "version": "1.0.0",
      "license": "ISC",
      "dependencies": {
        "json-2-csv": "^4.1.0"
      }
    },
    "node_modules/deeks": {
      "version": "3.0.1",
      "resolved": "https://registry.npmjs.org/deeks/-/deeks-3.0.1.tgz",
      "integrity": "sha512-rBAWIXSKXvGQOdG5GLGaGMfOCHvvHln2fFJ2UW8cvJouoAhOiNiLGHLYYcyqpeNQ93vPBeRuzv1bAr8bvceakw==",
      "engines": {
        "node": ">= 16"
      }
    },
    "node_modules/doc-path": {
      "version": "4.0.1",
      "resolved": "https://registry.npmjs.org/doc-path/-/doc-path-4.0.1.tgz",
      "integrity": "sha512-3EpO6FV6R1f4dimmTBhDCqqWZFZGTLGoagojNONcH3fWabtCh+SwSlzk2xNeajzaPvDAOxUUN6euh0JajTQ4Zg==",
      "engines": {
        "node": ">=16"
      }
    },
    "node_modules/json-2-csv": {
      "version": "4.1.0",
      "resolved": "https://registry.npmjs.org/json-2-csv/-/json-2-csv-4.1.0.tgz",
      "integrity": "sha512-O/8UMNeXOuQ3ztsuMpkr7ybE+GEL3KVwOX5qdXBt44Qabt3UdNCIuUMGPNMQ6LPxZZZHfw5UxjMclxZ4IU2lTQ==",
      "dependencies": {
        "deeks": "3.0.1",
        "doc-path": "4.0.1"
      },
      "engines": {
        "node": ">= 16"
      }
    }
  }
}
